
Microsoft Visual Studio Solution File, Format Version 12.00
# Visual Studio Version 16
VisualStudioVersion = 16.0.30711.63
MinimumVisualStudioVersion = 10.0.40219.1
Project("{FAE04EC0-301F-11D3-BF4B-00C04F79EFBC}") = "Teste_Caixa", "Teste_Caixa.csproj", "{0705D05F-0686-4043-B3C9-B691CEEC9E5D}"
EndProject
Global
	GlobalSection(SolutionConfigurationPlatforms) = preSolution
		Debug|Any CPU = Debug|Any CPU
		Release|Any CPU = Release|Any CPU
	EndGlobalSection
	GlobalSection(ProjectConfigurationPlatforms) = postSolution
		{0705D05F-0686-4043-B3C9-B691CEEC9E5D}.Debug|Any CPU.ActiveCfg = Debug|Any CPU
		{0705D05F-0686-4043-B3C9-B691CEEC9E5D}.Debug|Any CPU.Build.0 = Debug|Any CPU
		{0705D05F-0686-4043-B3C9-B691CEEC9E5D}.Release|Any CPU.ActiveCfg = Release|Any CPU
		{0705D05F-0686-4043-B3C9-B691CEEC9E5D}.Release|Any CPU.Build.0 = Release|Any CPU
	EndGlobalSection
	GlobalSection(SolutionProperties) = preSolution
		HideSolutionNode = FALSE
	EndGlobalSection
	GlobalSection(ExtensibilityGlobals) = postSolution
		SolutionGuid = {2E6E0E1A-5FD4-4D84-9023-1F79DBB1870A}
	EndGlobalSection
EndGlobal
